
Microsoft Visual Studio Solution File, Format Version 12.00
# Visual Studio Version 17
VisualStudioVersion = 17.12.35707.178
MinimumVisualStudioVersion = 10.0.40219.1
Project("{FAE04EC0-301F-11D3-BF4B-00C04F79EFBC}") = "MVCHelloWorld", "MVCHelloWorld\MVCHelloWorld.csproj", "{29138690-E87C-4E38-A494-75CCE30B38F1}"
EndProject
Project("{FAE04EC0-301F-11D3-BF4B-00C04F79EFBC}") = "EFCoreDatabaseFirstLib", "EFCoreDatabaseFirstLib\EFCoreDatabaseFirstLib.csproj", "{C980D2BA-5583-40BA-96CC-B29BC6A25BE1}"
EndProject
Project("{FAE04EC0-301F-11D3-BF4B-00C04F79EFBC}") = "EFCodeCodeFirstLib", "EFCodeCodeFirstLib\EFCodeCodeFirstLib.csproj", "{99D4CA18-B322-4B16-AB6C-234D8014A27A}"
EndProject
Project("{FAE04EC0-301F-11D3-BF4B-00C04F79EFBC}") = "EmployeeAPI", "EmployeeAPI\EmployeeAPI.csproj", "{31645E23-6387-4C9C-831A-9BA8C66A7939}"
EndProject
Project("{FAE04EC0-301F-11D3-BF4B-00C04F79EFBC}") = "LinqDemos", "LinqDemos\LinqDemos.csproj", "{FFEC5951-7E4F-4EEC-A400-BCB84E1F988B}"
EndProject
Project("{FAE04EC0-301F-11D3-BF4B-00C04F79EFBC}") = "WebClientCORSDemo", "WebClientCORSDemo\WebClientCORSDemo.csproj", "{BD58DA6E-4172-4BEB-AC98-A9682FB4AC7D}"
EndProject
Project("{FAE04EC0-301F-11D3-BF4B-00C04F79EFBC}") = "MongoDBCrudDemoApi", "MongoDBCrudDemoApi\MongoDBCrudDemoApi.csproj", "{513078D2-FB9D-4095-8FA4-358572D186C7}"
EndProject
Global
	GlobalSection(SolutionConfigurationPlatforms) = preSolution
		Debug|Any CPU = Debug|Any CPU
		Release|Any CPU = Release|Any CPU
	EndGlobalSection
	GlobalSection(ProjectConfigurationPlatforms) = postSolution
		{29138690-E87C-4E38-A494-75CCE30B38F1}.Debug|Any CPU.ActiveCfg = Debug|Any CPU
		{29138690-E87C-4E38-A494-75CCE30B38F1}.Debug|Any CPU.Build.0 = Debug|Any CPU
		{29138690-E87C-4E38-A494-75CCE30B38F1}.Release|Any CPU.ActiveCfg = Release|Any CPU
		{29138690-E87C-4E38-A494-75CCE30B38F1}.Release|Any CPU.Build.0 = Release|Any CPU
		{C980D2BA-5583-40BA-96CC-B29BC6A25BE1}.Debug|Any CPU.ActiveCfg = Debug|Any CPU
		{C980D2BA-5583-40BA-96CC-B29BC6A25BE1}.Debug|Any CPU.Build.0 = Debug|Any CPU
		{C980D2BA-5583-40BA-96CC-B29BC6A25BE1}.Release|Any CPU.ActiveCfg = Release|Any CPU
		{C980D2BA-5583-40BA-96CC-B29BC6A25BE1}.Release|Any CPU.Build.0 = Release|Any CPU
		{99D4CA18-B322-4B16-AB6C-234D8014A27A}.Debug|Any CPU.ActiveCfg = Debug|Any CPU
		{99D4CA18-B322-4B16-AB6C-234D8014A27A}.Debug|Any CPU.Build.0 = Debug|Any CPU
		{99D4CA18-B322-4B16-AB6C-234D8014A27A}.Release|Any CPU.ActiveCfg = Release|Any CPU
		{99D4CA18-B322-4B16-AB6C-234D8014A27A}.Release|Any CPU.Build.0 = Release|Any CPU
		{31645E23-6387-4C9C-831A-9BA8C66A7939}.Debug|Any CPU.ActiveCfg = Debug|Any CPU
		{31645E23-6387-4C9C-831A-9BA8C66A7939}.Debug|Any CPU.Build.0 = Debug|Any CPU
		{31645E23-6387-4C9C-831A-9BA8C66A7939}.Release|Any CPU.ActiveCfg = Release|Any CPU
		{31645E23-6387-4C9C-831A-9BA8C66A7939}.Release|Any CPU.Build.0 = Release|Any CPU
		{FFEC5951-7E4F-4EEC-A400-BCB84E1F988B}.Debug|Any CPU.ActiveCfg = Debug|Any CPU
		{FFEC5951-7E4F-4EEC-A400-BCB84E1F988B}.Debug|Any CPU.Build.0 = Debug|Any CPU
		{FFEC5951-7E4F-4EEC-A400-BCB84E1F988B}.Release|Any CPU.ActiveCfg = Release|Any CPU
		{FFEC5951-7E4F-4EEC-A400-BCB84E1F988B}.Release|Any CPU.Build.0 = Release|Any CPU
		{BD58DA6E-4172-4BEB-AC98-A9682FB4AC7D}.Debug|Any CPU.ActiveCfg = Debug|Any CPU
		{BD58DA6E-4172-4BEB-AC98-A9682FB4AC7D}.Debug|Any CPU.Build.0 = Debug|Any CPU
		{BD58DA6E-4172-4BEB-AC98-A9682FB4AC7D}.Release|Any CPU.ActiveCfg = Release|Any CPU
		{BD58DA6E-4172-4BEB-AC98-A9682FB4AC7D}.Release|Any CPU.Build.0 = Release|Any CPU
		{513078D2-FB9D-4095-8FA4-358572D186C7}.Debug|Any CPU.ActiveCfg = Debug|Any CPU
		{513078D2-FB9D-4095-8FA4-358572D186C7}.Debug|Any CPU.Build.0 = Debug|Any CPU
		{513078D2-FB9D-4095-8FA4-358572D186C7}.Release|Any CPU.ActiveCfg = Release|Any CPU
		{513078D2-FB9D-4095-8FA4-358572D186C7}.Release|Any CPU.Build.0 = Release|Any CPU
	EndGlobalSection
	GlobalSection(SolutionProperties) = preSolution
		HideSolutionNode = FALSE
	EndGlobalSection
EndGlobal
